// !$*UTF8*$!
{
	archiveVersion = 1;
	classes = {
	};
	objectVersion = 50;
	objects = {

/* Begin PBXBuildFile section */
		14025FCA24D6BF5D00408379 /* AuthenticationViewController.swift in Sources */ = {isa = PBXBuildFile; fileRef = 14025FC924D6BF5D00408379 /* AuthenticationViewController.swift */; };
		140AE79624A9AA0B00F7705E /* MainInteractor.swift in Sources */ = {isa = PBXBuildFile; fileRef = 140AE79524A9AA0B00F7705E /* MainInteractor.swift */; };
		140AE79924A9AA5C00F7705E /* Account.swift in Sources */ = {isa = PBXBuildFile; fileRef = 140AE79824A9AA5C00F7705E /* Account.swift */; };
		140AE79B24A9B48000F7705E /* Colors.xcassets in Resources */ = {isa = PBXBuildFile; fileRef = 140AE79A24A9B48000F7705E /* Colors.xcassets */; };
		140AE79E24A9B50900F7705E /* UIColor+Extensions.swift in Sources */ = {isa = PBXBuildFile; fileRef = 140AE79D24A9B50900F7705E /* UIColor+Extensions.swift */; };
		140AE7A024A9B58400F7705E /* WorkState.swift in Sources */ = {isa = PBXBuildFile; fileRef = 140AE79F24A9B58300F7705E /* WorkState.swift */; };
		140AE7A324A9BA6500F7705E /* MainTableSectionHeader.swift in Sources */ = {isa = PBXBuildFile; fileRef = 140AE7A224A9BA6500F7705E /* MainTableSectionHeader.swift */; };
		140AE7A524A9BEC300F7705E /* AccountTableCell.swift in Sources */ = {isa = PBXBuildFile; fileRef = 140AE7A424A9BEC300F7705E /* AccountTableCell.swift */; };
		140AE7A924A9DF3300F7705E /* CommonButton.swift in Sources */ = {isa = PBXBuildFile; fileRef = 140AE7A824A9DF3300F7705E /* CommonButton.swift */; };
		142EC6A824D6AE01004F7A28 /* AuthenticationView.swift in Sources */ = {isa = PBXBuildFile; fileRef = 142EC6A724D6AE01004F7A28 /* AuthenticationView.swift */; };
		1440A20424C947FA00E36853 /* Contact.swift in Sources */ = {isa = PBXBuildFile; fileRef = 1440A20324C947FA00E36853 /* Contact.swift */; };
		144AECDA24D26658009625BE /* ContactRowViewCell.swift in Sources */ = {isa = PBXBuildFile; fileRef = 144AECD924D26658009625BE /* ContactRowViewCell.swift */; };
		144BF56C24D7E66E00F231F0 /* RootContainerViewController.swift in Sources */ = {isa = PBXBuildFile; fileRef = 144BF56B24D7E66E00F231F0 /* RootContainerViewController.swift */; };
		144FA6BD24C2C0C500506F15 /* CompanyInfoHeaderView.swift in Sources */ = {isa = PBXBuildFile; fileRef = 144FA6BC24C2C0C500506F15 /* CompanyInfoHeaderView.swift */; };
		145A376A24C588DF0081F9DB /* NotesView.swift in Sources */ = {isa = PBXBuildFile; fileRef = 145A376924C588DF0081F9DB /* NotesView.swift */; };
		145A376C24C58D440081F9DB /* AccountDetailsView.swift in Sources */ = {isa = PBXBuildFile; fileRef = 145A376B24C58D440081F9DB /* AccountDetailsView.swift */; };
		146834FC24DA76CE0075B639 /* RootContainerInteractor.swift in Sources */ = {isa = PBXBuildFile; fileRef = 146834FB24DA76CE0075B639 /* RootContainerInteractor.swift */; };
		146834FF24DA99810075B639 /* CommonTextField.swift in Sources */ = {isa = PBXBuildFile; fileRef = 146834FE24DA99810075B639 /* CommonTextField.swift */; };
		146C35CF24C2CA9700DBCA23 /* TitleValueView.swift in Sources */ = {isa = PBXBuildFile; fileRef = 146C35CE24C2CA9700DBCA23 /* TitleValueView.swift */; };
		146C35D324C557C800DBCA23 /* CompanyInfoValuesView.swift in Sources */ = {isa = PBXBuildFile; fileRef = 146C35D224C557C800DBCA23 /* CompanyInfoValuesView.swift */; };
		146C35D524C5635D00DBCA23 /* CompanyInfoView.swift in Sources */ = {isa = PBXBuildFile; fileRef = 146C35D424C5635D00DBCA23 /* CompanyInfoView.swift */; };
		146C35D924C5689B00DBCA23 /* ContactRowView.swift in Sources */ = {isa = PBXBuildFile; fileRef = 146C35D824C5689B00DBCA23 /* ContactRowView.swift */; };
		146C35DB24C56A0100DBCA23 /* ContactsTableView.swift in Sources */ = {isa = PBXBuildFile; fileRef = 146C35DA24C56A0100DBCA23 /* ContactsTableView.swift */; };
		14861ED5249F3DE100D2FA92 /* AppDelegate.swift in Sources */ = {isa = PBXBuildFile; fileRef = 14861ED4249F3DE100D2FA92 /* AppDelegate.swift */; };
		14861ED7249F3DE100D2FA92 /* SceneDelegate.swift in Sources */ = {isa = PBXBuildFile; fileRef = 14861ED6249F3DE100D2FA92 /* SceneDelegate.swift */; };
		14861ED9249F3DE100D2FA92 /* MainViewController.swift in Sources */ = {isa = PBXBuildFile; fileRef = 14861ED8249F3DE100D2FA92 /* MainViewController.swift */; };
		14861EDC249F3DE100D2FA92 /* Main.storyboard in Resources */ = {isa = PBXBuildFile; fileRef = 14861EDA249F3DE100D2FA92 /* Main.storyboard */; };
		14861EDE249F3DE400D2FA92 /* Assets.xcassets in Resources */ = {isa = PBXBuildFile; fileRef = 14861EDD249F3DE400D2FA92 /* Assets.xcassets */; };
		14861EE1249F3DE400D2FA92 /* LaunchScreen.storyboard in Resources */ = {isa = PBXBuildFile; fileRef = 14861EDF249F3DE400D2FA92 /* LaunchScreen.storyboard */; };
		14861EEC249F3DE400D2FA92 /* WhalerTests.swift in Sources */ = {isa = PBXBuildFile; fileRef = 14861EEB249F3DE400D2FA92 /* WhalerTests.swift */; };
		14861EF7249F401300D2FA92 /* CSVParser.swift in Sources */ = {isa = PBXBuildFile; fileRef = 14861EF6249F401300D2FA92 /* CSVParser.swift */; };
		14861EFC249F49DE00D2FA92 /* DocumentPickerViewController.swift in Sources */ = {isa = PBXBuildFile; fileRef = 14861EFB249F49DE00D2FA92 /* DocumentPickerViewController.swift */; };
		14A2834724DE510D0016BA82 /* Salesforce.swift in Sources */ = {isa = PBXBuildFile; fileRef = 14A2834624DE510D0016BA82 /* Salesforce.swift */; };
		14AB262E24D137E800AC280D /* ContactsTableViewController.swift in Sources */ = {isa = PBXBuildFile; fileRef = 14AB262D24D137E800AC280D /* ContactsTableViewController.swift */; };
		14D97D7924DBEC4B00058B09 /* Keychain.swift in Sources */ = {isa = PBXBuildFile; fileRef = 14D97D7824DBEC4B00058B09 /* Keychain.swift */; };
		14D9CA5924B599230030B17A /* AccountStateTagView.swift in Sources */ = {isa = PBXBuildFile; fileRef = 14D9CA5824B599230030B17A /* AccountStateTagView.swift */; };
		14D9CA5B24B599300030B17A /* AccountRowValuesView.swift in Sources */ = {isa = PBXBuildFile; fileRef = 14D9CA5A24B599300030B17A /* AccountRowValuesView.swift */; };
		14E63ED124B9109C003EAF22 /* Whaler.xcdatamodeld in Sources */ = {isa = PBXBuildFile; fileRef = 14E63ECF24B9109C003EAF22 /* Whaler.xcdatamodeld */; };
		14ECDB2124CA9288006B4550 /* NoteEditor.swift in Sources */ = {isa = PBXBuildFile; fileRef = 14ECDB2024CA9288006B4550 /* NoteEditor.swift */; };
		14ECDD1524CAB819006B4550 /* trix-master in Resources */ = {isa = PBXBuildFile; fileRef = 14ECDD1424CAB819006B4550 /* trix-master */; };
		14ECDD2124CABC7D006B4550 /* RichTextEditor.swift in Sources */ = {isa = PBXBuildFile; fileRef = 14ECDD2024CABC7D006B4550 /* RichTextEditor.swift */; };
		14EF4DE924CD4F3100ED5461 /* ObjectManager.swift in Sources */ = {isa = PBXBuildFile; fileRef = 14EF4DE824CD4F3100ED5461 /* ObjectManager.swift */; };
		14F4090424C6A09E00F405BC /* OpenSans-Regular.ttf in Resources */ = {isa = PBXBuildFile; fileRef = 14F4090324C6A09E00F405BC /* OpenSans-Regular.ttf */; };
		14F4090624C6A0C300F405BC /* OpenSans-Bold.ttf in Resources */ = {isa = PBXBuildFile; fileRef = 14F4090524C6A0C300F405BC /* OpenSans-Bold.ttf */; };
		14F4090824C6A2D100F405BC /* UIFont+Extensions.swift in Sources */ = {isa = PBXBuildFile; fileRef = 14F4090724C6A2D100F405BC /* UIFont+Extensions.swift */; };
		14FE635324C575CD00F7D30B /* TagView.swift in Sources */ = {isa = PBXBuildFile; fileRef = 14FE635224C575CD00F7D30B /* TagView.swift */; };
/* End PBXBuildFile section */

/* Begin PBXContainerItemProxy section */
		14861EE8249F3DE400D2FA92 /* PBXContainerItemProxy */ = {
			isa = PBXContainerItemProxy;
			containerPortal = 14861EC9249F3DE100D2FA92 /* Project object */;
			proxyType = 1;
			remoteGlobalIDString = 14861ED0249F3DE100D2FA92;
			remoteInfo = Whaler;
		};
/* End PBXContainerItemProxy section */

/* Begin PBXFileReference section */
		14025FC924D6BF5D00408379 /* AuthenticationViewController.swift */ = {isa = PBXFileReference; lastKnownFileType = sourcecode.swift; path = AuthenticationViewController.swift; sourceTree = "<group>"; };
		140AE79524A9AA0B00F7705E /* MainInteractor.swift */ = {isa = PBXFileReference; lastKnownFileType = sourcecode.swift; path = MainInteractor.swift; sourceTree = "<group>"; };
		140AE79824A9AA5C00F7705E /* Account.swift */ = {isa = PBXFileReference; lastKnownFileType = sourcecode.swift; path = Account.swift; sourceTree = "<group>"; };
		140AE79A24A9B48000F7705E /* Colors.xcassets */ = {isa = PBXFileReference; lastKnownFileType = folder.assetcatalog; path = Colors.xcassets; sourceTree = "<group>"; };
		140AE79D24A9B50900F7705E /* UIColor+Extensions.swift */ = {isa = PBXFileReference; lastKnownFileType = sourcecode.swift; path = "UIColor+Extensions.swift"; sourceTree = "<group>"; };
		140AE79F24A9B58300F7705E /* WorkState.swift */ = {isa = PBXFileReference; lastKnownFileType = sourcecode.swift; path = WorkState.swift; sourceTree = "<group>"; };
		140AE7A224A9BA6500F7705E /* MainTableSectionHeader.swift */ = {isa = PBXFileReference; lastKnownFileType = sourcecode.swift; path = MainTableSectionHeader.swift; sourceTree = "<group>"; };
		140AE7A424A9BEC300F7705E /* AccountTableCell.swift */ = {isa = PBXFileReference; lastKnownFileType = sourcecode.swift; path = AccountTableCell.swift; sourceTree = "<group>"; };
		140AE7A824A9DF3300F7705E /* CommonButton.swift */ = {isa = PBXFileReference; lastKnownFileType = sourcecode.swift; path = CommonButton.swift; sourceTree = "<group>"; };
		142EC6A724D6AE01004F7A28 /* AuthenticationView.swift */ = {isa = PBXFileReference; lastKnownFileType = sourcecode.swift; path = AuthenticationView.swift; sourceTree = "<group>"; };
		1440A20324C947FA00E36853 /* Contact.swift */ = {isa = PBXFileReference; lastKnownFileType = sourcecode.swift; path = Contact.swift; sourceTree = "<group>"; };
		144AECD924D26658009625BE /* ContactRowViewCell.swift */ = {isa = PBXFileReference; lastKnownFileType = sourcecode.swift; path = ContactRowViewCell.swift; sourceTree = "<group>"; };
		144BF56B24D7E66E00F231F0 /* RootContainerViewController.swift */ = {isa = PBXFileReference; lastKnownFileType = sourcecode.swift; path = RootContainerViewController.swift; sourceTree = "<group>"; };
		144FA6BC24C2C0C500506F15 /* CompanyInfoHeaderView.swift */ = {isa = PBXFileReference; lastKnownFileType = sourcecode.swift; path = CompanyInfoHeaderView.swift; sourceTree = "<group>"; };
		145A376924C588DF0081F9DB /* NotesView.swift */ = {isa = PBXFileReference; lastKnownFileType = sourcecode.swift; path = NotesView.swift; sourceTree = "<group>"; };
		145A376B24C58D440081F9DB /* AccountDetailsView.swift */ = {isa = PBXFileReference; lastKnownFileType = sourcecode.swift; path = AccountDetailsView.swift; sourceTree = "<group>"; };
		146834FB24DA76CE0075B639 /* RootContainerInteractor.swift */ = {isa = PBXFileReference; lastKnownFileType = sourcecode.swift; path = RootContainerInteractor.swift; sourceTree = "<group>"; };
		146834FE24DA99810075B639 /* CommonTextField.swift */ = {isa = PBXFileReference; lastKnownFileType = sourcecode.swift; path = CommonTextField.swift; sourceTree = "<group>"; };
		146C35CE24C2CA9700DBCA23 /* TitleValueView.swift */ = {isa = PBXFileReference; lastKnownFileType = sourcecode.swift; path = TitleValueView.swift; sourceTree = "<group>"; };
		146C35D224C557C800DBCA23 /* CompanyInfoValuesView.swift */ = {isa = PBXFileReference; lastKnownFileType = sourcecode.swift; path = CompanyInfoValuesView.swift; sourceTree = "<group>"; };
		146C35D424C5635D00DBCA23 /* CompanyInfoView.swift */ = {isa = PBXFileReference; lastKnownFileType = sourcecode.swift; path = CompanyInfoView.swift; sourceTree = "<group>"; };
		146C35D824C5689B00DBCA23 /* ContactRowView.swift */ = {isa = PBXFileReference; lastKnownFileType = sourcecode.swift; path = ContactRowView.swift; sourceTree = "<group>"; };
		146C35DA24C56A0100DBCA23 /* ContactsTableView.swift */ = {isa = PBXFileReference; lastKnownFileType = sourcecode.swift; path = ContactsTableView.swift; sourceTree = "<group>"; };
		14861ED1249F3DE100D2FA92 /* Whaler.app */ = {isa = PBXFileReference; explicitFileType = wrapper.application; includeInIndex = 0; path = Whaler.app; sourceTree = BUILT_PRODUCTS_DIR; };
		14861ED4249F3DE100D2FA92 /* AppDelegate.swift */ = {isa = PBXFileReference; lastKnownFileType = sourcecode.swift; path = AppDelegate.swift; sourceTree = "<group>"; };
		14861ED6249F3DE100D2FA92 /* SceneDelegate.swift */ = {isa = PBXFileReference; lastKnownFileType = sourcecode.swift; path = SceneDelegate.swift; sourceTree = "<group>"; };
		14861ED8249F3DE100D2FA92 /* MainViewController.swift */ = {isa = PBXFileReference; lastKnownFileType = sourcecode.swift; path = MainViewController.swift; sourceTree = "<group>"; };
		14861EDB249F3DE100D2FA92 /* Base */ = {isa = PBXFileReference; lastKnownFileType = file.storyboard; name = Base; path = Base.lproj/Main.storyboard; sourceTree = "<group>"; };
		14861EDD249F3DE400D2FA92 /* Assets.xcassets */ = {isa = PBXFileReference; lastKnownFileType = folder.assetcatalog; path = Assets.xcassets; sourceTree = "<group>"; };
		14861EE0249F3DE400D2FA92 /* Base */ = {isa = PBXFileReference; lastKnownFileType = file.storyboard; name = Base; path = Base.lproj/LaunchScreen.storyboard; sourceTree = "<group>"; };
		14861EE2249F3DE400D2FA92 /* Info.plist */ = {isa = PBXFileReference; lastKnownFileType = text.plist.xml; path = Info.plist; sourceTree = "<group>"; };
		14861EE7249F3DE400D2FA92 /* WhalerTests.xctest */ = {isa = PBXFileReference; explicitFileType = wrapper.cfbundle; includeInIndex = 0; path = WhalerTests.xctest; sourceTree = BUILT_PRODUCTS_DIR; };
		14861EEB249F3DE400D2FA92 /* WhalerTests.swift */ = {isa = PBXFileReference; lastKnownFileType = sourcecode.swift; path = WhalerTests.swift; sourceTree = "<group>"; };
		14861EED249F3DE400D2FA92 /* Info.plist */ = {isa = PBXFileReference; lastKnownFileType = text.plist.xml; path = Info.plist; sourceTree = "<group>"; };
		14861EF6249F401300D2FA92 /* CSVParser.swift */ = {isa = PBXFileReference; lastKnownFileType = sourcecode.swift; path = CSVParser.swift; sourceTree = "<group>"; };
		14861EF8249F439600D2FA92 /* Whaler.entitlements */ = {isa = PBXFileReference; lastKnownFileType = text.plist.entitlements; path = Whaler.entitlements; sourceTree = "<group>"; };
		14861EFB249F49DE00D2FA92 /* DocumentPickerViewController.swift */ = {isa = PBXFileReference; lastKnownFileType = sourcecode.swift; path = DocumentPickerViewController.swift; sourceTree = "<group>"; };
		14A2834624DE510D0016BA82 /* Salesforce.swift */ = {isa = PBXFileReference; lastKnownFileType = sourcecode.swift; path = Salesforce.swift; sourceTree = "<group>"; };
		14AB262D24D137E800AC280D /* ContactsTableViewController.swift */ = {isa = PBXFileReference; lastKnownFileType = sourcecode.swift; path = ContactsTableViewController.swift; sourceTree = "<group>"; };
		14D97D7824DBEC4B00058B09 /* Keychain.swift */ = {isa = PBXFileReference; lastKnownFileType = sourcecode.swift; path = Keychain.swift; sourceTree = "<group>"; };
		14D9CA5824B599230030B17A /* AccountStateTagView.swift */ = {isa = PBXFileReference; lastKnownFileType = sourcecode.swift; path = AccountStateTagView.swift; sourceTree = "<group>"; };
		14D9CA5A24B599300030B17A /* AccountRowValuesView.swift */ = {isa = PBXFileReference; lastKnownFileType = sourcecode.swift; path = AccountRowValuesView.swift; sourceTree = "<group>"; };
		14E63ED024B9109C003EAF22 /* Whaler.xcdatamodel */ = {isa = PBXFileReference; lastKnownFileType = wrapper.xcdatamodel; path = Whaler.xcdatamodel; sourceTree = "<group>"; };
		14ECDB2024CA9288006B4550 /* NoteEditor.swift */ = {isa = PBXFileReference; lastKnownFileType = sourcecode.swift; path = NoteEditor.swift; sourceTree = "<group>"; };
		14ECDD1424CAB819006B4550 /* trix-master */ = {isa = PBXFileReference; lastKnownFileType = folder; path = "trix-master"; sourceTree = "<group>"; };
		14ECDD2024CABC7D006B4550 /* RichTextEditor.swift */ = {isa = PBXFileReference; lastKnownFileType = sourcecode.swift; path = RichTextEditor.swift; sourceTree = "<group>"; };
		14EF4DE824CD4F3100ED5461 /* ObjectManager.swift */ = {isa = PBXFileReference; lastKnownFileType = sourcecode.swift; path = ObjectManager.swift; sourceTree = "<group>"; };
		14F4090324C6A09E00F405BC /* OpenSans-Regular.ttf */ = {isa = PBXFileReference; lastKnownFileType = file; path = "OpenSans-Regular.ttf"; sourceTree = "<group>"; };
		14F4090524C6A0C300F405BC /* OpenSans-Bold.ttf */ = {isa = PBXFileReference; lastKnownFileType = file; path = "OpenSans-Bold.ttf"; sourceTree = "<group>"; };
		14F4090724C6A2D100F405BC /* UIFont+Extensions.swift */ = {isa = PBXFileReference; lastKnownFileType = sourcecode.swift; path = "UIFont+Extensions.swift"; sourceTree = "<group>"; };
		14FE635224C575CD00F7D30B /* TagView.swift */ = {isa = PBXFileReference; lastKnownFileType = sourcecode.swift; path = TagView.swift; sourceTree = "<group>"; };
/* End PBXFileReference section */

/* Begin PBXFrameworksBuildPhase section */
		14861ECE249F3DE100D2FA92 /* Frameworks */ = {
			isa = PBXFrameworksBuildPhase;
			buildActionMask = 2147483647;
			files = (
			);
			runOnlyForDeploymentPostprocessing = 0;
		};
		14861EE4249F3DE400D2FA92 /* Frameworks */ = {
			isa = PBXFrameworksBuildPhase;
			buildActionMask = 2147483647;
			files = (
			);
			runOnlyForDeploymentPostprocessing = 0;
		};
/* End PBXFrameworksBuildPhase section */

/* Begin PBXGroup section */
		140AE79424A9A9FE00F7705E /* Main */ = {
			isa = PBXGroup;
			children = (
				140AE7A124A9BA4D00F7705E /* Views */,
				14861ED8249F3DE100D2FA92 /* MainViewController.swift */,
				140AE79524A9AA0B00F7705E /* MainInteractor.swift */,
			);
			path = Main;
			sourceTree = "<group>";
		};
		140AE79724A9AA4B00F7705E /* Models */ = {
			isa = PBXGroup;
			children = (
				14EF4DE624CD4F0700ED5461 /* Account */,
				14EF4DE724CD4F1C00ED5461 /* Contact */,
				14EF4DE824CD4F3100ED5461 /* ObjectManager.swift */,
				140AE79F24A9B58300F7705E /* WorkState.swift */,
			);
			path = Models;
			sourceTree = "<group>";
		};
		140AE79C24A9B4F700F7705E /* Extensions */ = {
			isa = PBXGroup;
			children = (
				140AE79D24A9B50900F7705E /* UIColor+Extensions.swift */,
				14F4090724C6A2D100F405BC /* UIFont+Extensions.swift */,
			);
			path = Extensions;
			sourceTree = "<group>";
		};
		140AE7A124A9BA4D00F7705E /* Views */ = {
			isa = PBXGroup;
			children = (
				14D9CA5724B599080030B17A /* MainTableSectionHeader */,
				140AE7A424A9BEC300F7705E /* AccountTableCell.swift */,
			);
			path = Views;
			sourceTree = "<group>";
		};
		140AE7A624A9DF0B00F7705E /* Shared */ = {
			isa = PBXGroup;
			children = (
				140AE7A724A9DF1800F7705E /* Views */,
				140AE79724A9AA4B00F7705E /* Models */,
				14D97D7824DBEC4B00058B09 /* Keychain.swift */,
				14A2834624DE510D0016BA82 /* Salesforce.swift */,
			);
			path = Shared;
			sourceTree = "<group>";
		};
		140AE7A724A9DF1800F7705E /* Views */ = {
			isa = PBXGroup;
			children = (
				140AE7A824A9DF3300F7705E /* CommonButton.swift */,
				146834FE24DA99810075B639 /* CommonTextField.swift */,
			);
			path = Views;
			sourceTree = "<group>";
		};
		142EC6A624D6ADDD004F7A28 /* Authentication */ = {
			isa = PBXGroup;
			children = (
				146834FD24DA79830075B639 /* Views */,
				14025FC924D6BF5D00408379 /* AuthenticationViewController.swift */,
			);
			path = Authentication;
			sourceTree = "<group>";
		};
		144AECD824D26646009625BE /* Cell */ = {
			isa = PBXGroup;
			children = (
				146C35D824C5689B00DBCA23 /* ContactRowView.swift */,
				144AECD924D26658009625BE /* ContactRowViewCell.swift */,
			);
			path = Cell;
			sourceTree = "<group>";
		};
		144BF56A24D7E64300F231F0 /* RootContainer */ = {
			isa = PBXGroup;
			children = (
				144BF56B24D7E66E00F231F0 /* RootContainerViewController.swift */,
				146834FB24DA76CE0075B639 /* RootContainerInteractor.swift */,
			);
			path = RootContainer;
			sourceTree = "<group>";
		};
		145A376824C588CB0081F9DB /* Notes */ = {
			isa = PBXGroup;
			children = (
				145A376924C588DF0081F9DB /* NotesView.swift */,
				14ECDB2024CA9288006B4550 /* NoteEditor.swift */,
				14ECDD2024CABC7D006B4550 /* RichTextEditor.swift */,
				14ECDB2824CAB2D4006B4550 /* TrixEditor */,
			);
			path = Notes;
			sourceTree = "<group>";
		};
		146834FD24DA79830075B639 /* Views */ = {
			isa = PBXGroup;
			children = (
				142EC6A724D6AE01004F7A28 /* AuthenticationView.swift */,
			);
			path = Views;
			sourceTree = "<group>";
		};
		146C35D024C5575E00DBCA23 /* AccountsDetails */ = {
			isa = PBXGroup;
			children = (
				146C35D124C5576D00DBCA23 /* Views */,
			);
			path = AccountsDetails;
			sourceTree = "<group>";
		};
		146C35D124C5576D00DBCA23 /* Views */ = {
			isa = PBXGroup;
			children = (
				146C35D624C563DF00DBCA23 /* CompanyInfo */,
				146C35D724C5677000DBCA23 /* Contacts */,
				145A376824C588CB0081F9DB /* Notes */,
				145A376B24C58D440081F9DB /* AccountDetailsView.swift */,
			);
			path = Views;
			sourceTree = "<group>";
		};
		146C35D624C563DF00DBCA23 /* CompanyInfo */ = {
			isa = PBXGroup;
			children = (
				146C35D424C5635D00DBCA23 /* CompanyInfoView.swift */,
				144FA6BC24C2C0C500506F15 /* CompanyInfoHeaderView.swift */,
				146C35D224C557C800DBCA23 /* CompanyInfoValuesView.swift */,
				146C35CE24C2CA9700DBCA23 /* TitleValueView.swift */,
			);
			path = CompanyInfo;
			sourceTree = "<group>";
		};
		146C35D724C5677000DBCA23 /* Contacts */ = {
			isa = PBXGroup;
			children = (
				144AECD824D26646009625BE /* Cell */,
				146C35DA24C56A0100DBCA23 /* ContactsTableView.swift */,
				14FE635224C575CD00F7D30B /* TagView.swift */,
				14AB262D24D137E800AC280D /* ContactsTableViewController.swift */,
			);
			path = Contacts;
			sourceTree = "<group>";
		};
		14861EC8249F3DE100D2FA92 = {
			isa = PBXGroup;
			children = (
				14861ED3249F3DE100D2FA92 /* Whaler */,
				14861EEA249F3DE400D2FA92 /* WhalerTests */,
				14861ED2249F3DE100D2FA92 /* Products */,
			);
			sourceTree = "<group>";
		};
		14861ED2249F3DE100D2FA92 /* Products */ = {
			isa = PBXGroup;
			children = (
				14861ED1249F3DE100D2FA92 /* Whaler.app */,
				14861EE7249F3DE400D2FA92 /* WhalerTests.xctest */,
			);
			name = Products;
			sourceTree = "<group>";
		};
		14861ED3249F3DE100D2FA92 /* Whaler */ = {
			isa = PBXGroup;
			children = (
				14861EF8249F439600D2FA92 /* Whaler.entitlements */,
				14861ED4249F3DE100D2FA92 /* AppDelegate.swift */,
				14861ED6249F3DE100D2FA92 /* SceneDelegate.swift */,
				140AE7A624A9DF0B00F7705E /* Shared */,
				144BF56A24D7E64300F231F0 /* RootContainer */,
				142EC6A624D6ADDD004F7A28 /* Authentication */,
				140AE79424A9A9FE00F7705E /* Main */,
				146C35D024C5575E00DBCA23 /* AccountsDetails */,
				140AE79C24A9B4F700F7705E /* Extensions */,
				14F4090224C6A04D00F405BC /* Fonts */,
				14861EDA249F3DE100D2FA92 /* Main.storyboard */,
				14861EDD249F3DE400D2FA92 /* Assets.xcassets */,
				140AE79A24A9B48000F7705E /* Colors.xcassets */,
				14861EDF249F3DE400D2FA92 /* LaunchScreen.storyboard */,
				14861EE2249F3DE400D2FA92 /* Info.plist */,
				14861EF6249F401300D2FA92 /* CSVParser.swift */,
				14861EFB249F49DE00D2FA92 /* DocumentPickerViewController.swift */,
				14E63ECF24B9109C003EAF22 /* Whaler.xcdatamodeld */,
			);
			path = Whaler;
			sourceTree = "<group>";
		};
		14861EEA249F3DE400D2FA92 /* WhalerTests */ = {
			isa = PBXGroup;
			children = (
				14861EEB249F3DE400D2FA92 /* WhalerTests.swift */,
				14861EED249F3DE400D2FA92 /* Info.plist */,
			);
			path = WhalerTests;
			sourceTree = "<group>";
		};
		14D9CA5724B599080030B17A /* MainTableSectionHeader */ = {
			isa = PBXGroup;
			children = (
				140AE7A224A9BA6500F7705E /* MainTableSectionHeader.swift */,
				14D9CA5824B599230030B17A /* AccountStateTagView.swift */,
				14D9CA5A24B599300030B17A /* AccountRowValuesView.swift */,
			);
			path = MainTableSectionHeader;
			sourceTree = "<group>";
		};
		14ECDB2824CAB2D4006B4550 /* TrixEditor */ = {
			isa = PBXGroup;
			children = (
				14ECDD1424CAB819006B4550 /* trix-master */,
			);
			path = TrixEditor;
			sourceTree = "<group>";
		};
		14EF4DE624CD4F0700ED5461 /* Account */ = {
			isa = PBXGroup;
			children = (
				140AE79824A9AA5C00F7705E /* Account.swift */,
			);
			path = Account;
			sourceTree = "<group>";
		};
		14EF4DE724CD4F1C00ED5461 /* Contact */ = {
			isa = PBXGroup;
			children = (
				1440A20324C947FA00E36853 /* Contact.swift */,
			);
			path = Contact;
			sourceTree = "<group>";
		};
		14F4090224C6A04D00F405BC /* Fonts */ = {
			isa = PBXGroup;
			children = (
				14F4090324C6A09E00F405BC /* OpenSans-Regular.ttf */,
				14F4090524C6A0C300F405BC /* OpenSans-Bold.ttf */,
			);
			path = Fonts;
			sourceTree = "<group>";
		};
/* End PBXGroup section */

/* Begin PBXNativeTarget section */
		14861ED0249F3DE100D2FA92 /* Whaler */ = {
			isa = PBXNativeTarget;
			buildConfigurationList = 14861EF0249F3DE400D2FA92 /* Build configuration list for PBXNativeTarget "Whaler" */;
			buildPhases = (
				14861ECD249F3DE100D2FA92 /* Sources */,
				14861ECE249F3DE100D2FA92 /* Frameworks */,
				14861ECF249F3DE100D2FA92 /* Resources */,
			);
			buildRules = (
			);
			dependencies = (
			);
			name = Whaler;
			productName = Whaler;
			productReference = 14861ED1249F3DE100D2FA92 /* Whaler.app */;
			productType = "com.apple.product-type.application";
		};
		14861EE6249F3DE400D2FA92 /* WhalerTests */ = {
			isa = PBXNativeTarget;
			buildConfigurationList = 14861EF3249F3DE400D2FA92 /* Build configuration list for PBXNativeTarget "WhalerTests" */;
			buildPhases = (
				14861EE3249F3DE400D2FA92 /* Sources */,
				14861EE4249F3DE400D2FA92 /* Frameworks */,
				14861EE5249F3DE400D2FA92 /* Resources */,
			);
			buildRules = (
			);
			dependencies = (
				14861EE9249F3DE400D2FA92 /* PBXTargetDependency */,
			);
			name = WhalerTests;
			productName = WhalerTests;
			productReference = 14861EE7249F3DE400D2FA92 /* WhalerTests.xctest */;
			productType = "com.apple.product-type.bundle.unit-test";
		};
/* End PBXNativeTarget section */

/* Begin PBXProject section */
		14861EC9249F3DE100D2FA92 /* Project object */ = {
			isa = PBXProject;
			attributes = {
				LastSwiftUpdateCheck = 1150;
				LastUpgradeCheck = 1150;
				ORGANIZATIONNAME = Whaler;
				TargetAttributes = {
					14861ED0249F3DE100D2FA92 = {
						CreatedOnToolsVersion = 11.5;
					};
					14861EE6249F3DE400D2FA92 = {
						CreatedOnToolsVersion = 11.5;
						TestTargetID = 14861ED0249F3DE100D2FA92;
					};
				};
			};
			buildConfigurationList = 14861ECC249F3DE100D2FA92 /* Build configuration list for PBXProject "Whaler" */;
			compatibilityVersion = "Xcode 9.3";
			developmentRegion = en;
			hasScannedForEncodings = 0;
			knownRegions = (
				en,
				Base,
			);
			mainGroup = 14861EC8249F3DE100D2FA92;
			productRefGroup = 14861ED2249F3DE100D2FA92 /* Products */;
			projectDirPath = "";
			projectRoot = "";
			targets = (
				14861ED0249F3DE100D2FA92 /* Whaler */,
				14861EE6249F3DE400D2FA92 /* WhalerTests */,
			);
		};
/* End PBXProject section */

/* Begin PBXResourcesBuildPhase section */
		14861ECF249F3DE100D2FA92 /* Resources */ = {
			isa = PBXResourcesBuildPhase;
			buildActionMask = 2147483647;
			files = (
				14F4090424C6A09E00F405BC /* OpenSans-Regular.ttf in Resources */,
				14861EE1249F3DE400D2FA92 /* LaunchScreen.storyboard in Resources */,
				14F4090624C6A0C300F405BC /* OpenSans-Bold.ttf in Resources */,
				14ECDD1524CAB819006B4550 /* trix-master in Resources */,
				140AE79B24A9B48000F7705E /* Colors.xcassets in Resources */,
				14861EDE249F3DE400D2FA92 /* Assets.xcassets in Resources */,
				14861EDC249F3DE100D2FA92 /* Main.storyboard in Resources */,
			);
			runOnlyForDeploymentPostprocessing = 0;
		};
		14861EE5249F3DE400D2FA92 /* Resources */ = {
			isa = PBXResourcesBuildPhase;
			buildActionMask = 2147483647;
			files = (
			);
			runOnlyForDeploymentPostprocessing = 0;
		};
/* End PBXResourcesBuildPhase section */

/* Begin PBXSourcesBuildPhase section */
		14861ECD249F3DE100D2FA92 /* Sources */ = {
			isa = PBXSourcesBuildPhase;
			buildActionMask = 2147483647;
			files = (
				1440A20424C947FA00E36853 /* Contact.swift in Sources */,
				14ECDD2124CABC7D006B4550 /* RichTextEditor.swift in Sources */,
				14AB262E24D137E800AC280D /* ContactsTableViewController.swift in Sources */,
				14ECDB2124CA9288006B4550 /* NoteEditor.swift in Sources */,
				146C35DB24C56A0100DBCA23 /* ContactsTableView.swift in Sources */,
				14861ED9249F3DE100D2FA92 /* MainViewController.swift in Sources */,
				14A2834724DE510D0016BA82 /* Salesforce.swift in Sources */,
				146834FF24DA99810075B639 /* CommonTextField.swift in Sources */,
				146C35D924C5689B00DBCA23 /* ContactRowView.swift in Sources */,
				140AE7A024A9B58400F7705E /* WorkState.swift in Sources */,
				140AE7A524A9BEC300F7705E /* AccountTableCell.swift in Sources */,
				14861ED5249F3DE100D2FA92 /* AppDelegate.swift in Sources */,
				14861ED7249F3DE100D2FA92 /* SceneDelegate.swift in Sources */,
				14861EF7249F401300D2FA92 /* CSVParser.swift in Sources */,
				14FE635324C575CD00F7D30B /* TagView.swift in Sources */,
				14D9CA5924B599230030B17A /* AccountStateTagView.swift in Sources */,
				142EC6A824D6AE01004F7A28 /* AuthenticationView.swift in Sources */,
				140AE79924A9AA5C00F7705E /* Account.swift in Sources */,
				140AE79624A9AA0B00F7705E /* MainInteractor.swift in Sources */,
				145A376C24C58D440081F9DB /* AccountDetailsView.swift in Sources */,
				14F4090824C6A2D100F405BC /* UIFont+Extensions.swift in Sources */,
				144FA6BD24C2C0C500506F15 /* CompanyInfoHeaderView.swift in Sources */,
				144AECDA24D26658009625BE /* ContactRowViewCell.swift in Sources */,
				145A376A24C588DF0081F9DB /* NotesView.swift in Sources */,
				146C35CF24C2CA9700DBCA23 /* TitleValueView.swift in Sources */,
				146C35D324C557C800DBCA23 /* CompanyInfoValuesView.swift in Sources */,
				14D97D7924DBEC4B00058B09 /* Keychain.swift in Sources */,
				140AE79E24A9B50900F7705E /* UIColor+Extensions.swift in Sources */,
				146C35D524C5635D00DBCA23 /* CompanyInfoView.swift in Sources */,
				14861EFC249F49DE00D2FA92 /* DocumentPickerViewController.swift in Sources */,
				14D9CA5B24B599300030B17A /* AccountRowValuesView.swift in Sources */,
				14025FCA24D6BF5D00408379 /* AuthenticationViewController.swift in Sources */,
				140AE7A924A9DF3300F7705E /* CommonButton.swift in Sources */,
				146834FC24DA76CE0075B639 /* RootContainerInteractor.swift in Sources */,
				144BF56C24D7E66E00F231F0 /* RootContainerViewController.swift in Sources */,
				14E63ED124B9109C003EAF22 /* Whaler.xcdatamodeld in Sources */,
				14EF4DE924CD4F3100ED5461 /* ObjectManager.swift in Sources */,
				140AE7A324A9BA6500F7705E /* MainTableSectionHeader.swift in Sources */,
			);
			runOnlyForDeploymentPostprocessing = 0;
		};
		14861EE3249F3DE400D2FA92 /* Sources */ = {
			isa = PBXSourcesBuildPhase;
			buildActionMask = 2147483647;
			files = (
				14861EEC249F3DE400D2FA92 /* WhalerTests.swift in Sources */,
			);
			runOnlyForDeploymentPostprocessing = 0;
		};
/* End PBXSourcesBuildPhase section */

/* Begin PBXTargetDependency section */
		14861EE9249F3DE400D2FA92 /* PBXTargetDependency */ = {
			isa = PBXTargetDependency;
			target = 14861ED0249F3DE100D2FA92 /* Whaler */;
			targetProxy = 14861EE8249F3DE400D2FA92 /* PBXContainerItemProxy */;
		};
/* End PBXTargetDependency section */

/* Begin PBXVariantGroup section */
		14861EDA249F3DE100D2FA92 /* Main.storyboard */ = {
			isa = PBXVariantGroup;
			children = (
				14861EDB249F3DE100D2FA92 /* Base */,
			);
			name = Main.storyboard;
			sourceTree = "<group>";
		};
		14861EDF249F3DE400D2FA92 /* LaunchScreen.storyboard */ = {
			isa = PBXVariantGroup;
			children = (
				14861EE0249F3DE400D2FA92 /* Base */,
			);
			name = LaunchScreen.storyboard;
			sourceTree = "<group>";
		};
/* End PBXVariantGroup section */

/* Begin XCBuildConfiguration section */
		14861EEE249F3DE400D2FA92 /* Debug */ = {
			isa = XCBuildConfiguration;
			buildSettings = {
				ALWAYS_SEARCH_USER_PATHS = NO;
				CLANG_ANALYZER_NONNULL = YES;
				CLANG_ANALYZER_NUMBER_OBJECT_CONVERSION = YES_AGGRESSIVE;
				CLANG_CXX_LANGUAGE_STANDARD = "gnu++14";
				CLANG_CXX_LIBRARY = "libc++";
				CLANG_ENABLE_MODULES = YES;
				CLANG_ENABLE_OBJC_ARC = YES;
				CLANG_ENABLE_OBJC_WEAK = YES;
				CLANG_WARN_BLOCK_CAPTURE_AUTORELEASING = YES;
				CLANG_WARN_BOOL_CONVERSION = YES;
				CLANG_WARN_COMMA = YES;
				CLANG_WARN_CONSTANT_CONVERSION = YES;
				CLANG_WARN_DEPRECATED_OBJC_IMPLEMENTATIONS = YES;
				CLANG_WARN_DIRECT_OBJC_ISA_USAGE = YES_ERROR;
				CLANG_WARN_DOCUMENTATION_COMMENTS = YES;
				CLANG_WARN_EMPTY_BODY = YES;
				CLANG_WARN_ENUM_CONVERSION = YES;
				CLANG_WARN_INFINITE_RECURSION = YES;
				CLANG_WARN_INT_CONVERSION = YES;
				CLANG_WARN_NON_LITERAL_NULL_CONVERSION = YES;
				CLANG_WARN_OBJC_IMPLICIT_RETAIN_SELF = YES;
				CLANG_WARN_OBJC_LITERAL_CONVERSION = YES;
				CLANG_WARN_OBJC_ROOT_CLASS = YES_ERROR;
				CLANG_WARN_RANGE_LOOP_ANALYSIS = YES;
				CLANG_WARN_STRICT_PROTOTYPES = YES;
				CLANG_WARN_SUSPICIOUS_MOVE = YES;
				CLANG_WARN_UNGUARDED_AVAILABILITY = YES_AGGRESSIVE;
				CLANG_WARN_UNREACHABLE_CODE = YES;
				CLANG_WARN__DUPLICATE_METHOD_MATCH = YES;
				COPY_PHASE_STRIP = NO;
				DEBUG_INFORMATION_FORMAT = dwarf;
				ENABLE_STRICT_OBJC_MSGSEND = YES;
				ENABLE_TESTABILITY = YES;
				GCC_C_LANGUAGE_STANDARD = gnu11;
				GCC_DYNAMIC_NO_PIC = NO;
				GCC_NO_COMMON_BLOCKS = YES;
				GCC_OPTIMIZATION_LEVEL = 0;
				GCC_PREPROCESSOR_DEFINITIONS = (
					"DEBUG=1",
					"$(inherited)",
				);
				GCC_WARN_64_TO_32_BIT_CONVERSION = YES;
				GCC_WARN_ABOUT_RETURN_TYPE = YES_ERROR;
				GCC_WARN_UNDECLARED_SELECTOR = YES;
				GCC_WARN_UNINITIALIZED_AUTOS = YES_AGGRESSIVE;
				GCC_WARN_UNUSED_FUNCTION = YES;
				GCC_WARN_UNUSED_VARIABLE = YES;
				IPHONEOS_DEPLOYMENT_TARGET = 13.5;
				MTL_ENABLE_DEBUG_INFO = INCLUDE_SOURCE;
				MTL_FAST_MATH = YES;
				ONLY_ACTIVE_ARCH = YES;
				SDKROOT = iphoneos;
				SWIFT_ACTIVE_COMPILATION_CONDITIONS = DEBUG;
				SWIFT_OPTIMIZATION_LEVEL = "-Onone";
			};
			name = Debug;
		};
		14861EEF249F3DE400D2FA92 /* Release */ = {
			isa = XCBuildConfiguration;
			buildSettings = {
				ALWAYS_SEARCH_USER_PATHS = NO;
				CLANG_ANALYZER_NONNULL = YES;
				CLANG_ANALYZER_NUMBER_OBJECT_CONVERSION = YES_AGGRESSIVE;
				CLANG_CXX_LANGUAGE_STANDARD = "gnu++14";
				CLANG_CXX_LIBRARY = "libc++";
				CLANG_ENABLE_MODULES = YES;
				CLANG_ENABLE_OBJC_ARC = YES;
				CLANG_ENABLE_OBJC_WEAK = YES;
				CLANG_WARN_BLOCK_CAPTURE_AUTORELEASING = YES;
				CLANG_WARN_BOOL_CONVERSION = YES;
				CLANG_WARN_COMMA = YES;
				CLANG_WARN_CONSTANT_CONVERSION = YES;
				CLANG_WARN_DEPRECATED_OBJC_IMPLEMENTATIONS = YES;
				CLANG_WARN_DIRECT_OBJC_ISA_USAGE = YES_ERROR;
				CLANG_WARN_DOCUMENTATION_COMMENTS = YES;
				CLANG_WARN_EMPTY_BODY = YES;
				CLANG_WARN_ENUM_CONVERSION = YES;
				CLANG_WARN_INFINITE_RECURSION = YES;
				CLANG_WARN_INT_CONVERSION = YES;
				CLANG_WARN_NON_LITERAL_NULL_CONVERSION = YES;
				CLANG_WARN_OBJC_IMPLICIT_RETAIN_SELF = YES;
				CLANG_WARN_OBJC_LITERAL_CONVERSION = YES;
				CLANG_WARN_OBJC_ROOT_CLASS = YES_ERROR;
				CLANG_WARN_RANGE_LOOP_ANALYSIS = YES;
				CLANG_WARN_STRICT_PROTOTYPES = YES;
				CLANG_WARN_SUSPICIOUS_MOVE = YES;
				CLANG_WARN_UNGUARDED_AVAILABILITY = YES_AGGRESSIVE;
				CLANG_WARN_UNREACHABLE_CODE = YES;
				CLANG_WARN__DUPLICATE_METHOD_MATCH = YES;
				COPY_PHASE_STRIP = NO;
				DEBUG_INFORMATION_FORMAT = "dwarf-with-dsym";
				ENABLE_NS_ASSERTIONS = NO;
				ENABLE_STRICT_OBJC_MSGSEND = YES;
				GCC_C_LANGUAGE_STANDARD = gnu11;
				GCC_NO_COMMON_BLOCKS = YES;
				GCC_WARN_64_TO_32_BIT_CONVERSION = YES;
				GCC_WARN_ABOUT_RETURN_TYPE = YES_ERROR;
				GCC_WARN_UNDECLARED_SELECTOR = YES;
				GCC_WARN_UNINITIALIZED_AUTOS = YES_AGGRESSIVE;
				GCC_WARN_UNUSED_FUNCTION = YES;
				GCC_WARN_UNUSED_VARIABLE = YES;
				IPHONEOS_DEPLOYMENT_TARGET = 13.5;
				MTL_ENABLE_DEBUG_INFO = NO;
				MTL_FAST_MATH = YES;
				SDKROOT = iphoneos;
				SWIFT_COMPILATION_MODE = wholemodule;
				SWIFT_OPTIMIZATION_LEVEL = "-O";
				VALIDATE_PRODUCT = YES;
			};
			name = Release;
		};
		14861EF1249F3DE400D2FA92 /* Debug */ = {
			isa = XCBuildConfiguration;
			buildSettings = {
				ASSETCATALOG_COMPILER_APPICON_NAME = AppIcon;
				CODE_SIGN_ENTITLEMENTS = Whaler/Whaler.entitlements;
				CODE_SIGN_STYLE = Automatic;
				DEVELOPMENT_TEAM = A34Z338JKJ;
				INFOPLIST_FILE = Whaler/Info.plist;
				IPHONEOS_DEPLOYMENT_TARGET = 13.5;
				"IPHONEOS_DEPLOYMENT_TARGET[sdk=macosx*]" = 13.1;
				LD_RUNPATH_SEARCH_PATHS = (
					"$(inherited)",
					"@executable_path/Frameworks",
				);
				PRODUCT_BUNDLE_IDENTIFIER = Whaler.Whaler;
				PRODUCT_NAME = "$(TARGET_NAME)";
				SUPPORTS_MACCATALYST = YES;
				SWIFT_VERSION = 5.0;
				TARGETED_DEVICE_FAMILY = "1,2";
			};
			name = Debug;
		};
		14861EF2249F3DE400D2FA92 /* Release */ = {
			isa = XCBuildConfiguration;
			buildSettings = {
				ASSETCATALOG_COMPILER_APPICON_NAME = AppIcon;
				CODE_SIGN_ENTITLEMENTS = Whaler/Whaler.entitlements;
				CODE_SIGN_STYLE = Automatic;
				DEVELOPMENT_TEAM = A34Z338JKJ;
				INFOPLIST_FILE = Whaler/Info.plist;
				IPHONEOS_DEPLOYMENT_TARGET = 13.5;
				"IPHONEOS_DEPLOYMENT_TARGET[sdk=macosx*]" = 13.1;
				LD_RUNPATH_SEARCH_PATHS = (
					"$(inherited)",
					"@executable_path/Frameworks",
				);
				PRODUCT_BUNDLE_IDENTIFIER = Whaler.Whaler;
				PRODUCT_NAME = "$(TARGET_NAME)";
				SUPPORTS_MACCATALYST = YES;
				SWIFT_VERSION = 5.0;
				TARGETED_DEVICE_FAMILY = "1,2";
			};
			name = Release;
		};
		14861EF4249F3DE400D2FA92 /* Debug */ = {
			isa = XCBuildConfiguration;
			buildSettings = {
				ALWAYS_EMBED_SWIFT_STANDARD_LIBRARIES = YES;
				BUNDLE_LOADER = "$(TEST_HOST)";
				CODE_SIGN_STYLE = Automatic;
				DEVELOPMENT_TEAM = A34Z338JKJ;
				INFOPLIST_FILE = WhalerTests/Info.plist;
				IPHONEOS_DEPLOYMENT_TARGET = 13.5;
				LD_RUNPATH_SEARCH_PATHS = (
					"$(inherited)",
					"@executable_path/Frameworks",
					"@loader_path/Frameworks",
				);
				PRODUCT_BUNDLE_IDENTIFIER = Whaler.WhalerTests;
				PRODUCT_NAME = "$(TARGET_NAME)";
				SWIFT_VERSION = 5.0;
				TARGETED_DEVICE_FAMILY = "1,2";
				TEST_HOST = "$(BUILT_PRODUCTS_DIR)/Whaler.app/Whaler";
			};
			name = Debug;
		};
		14861EF5249F3DE400D2FA92 /* Release */ = {
			isa = XCBuildConfiguration;
			buildSettings = {
				ALWAYS_EMBED_SWIFT_STANDARD_LIBRARIES = YES;
				BUNDLE_LOADER = "$(TEST_HOST)";
				CODE_SIGN_STYLE = Automatic;
				DEVELOPMENT_TEAM = A34Z338JKJ;
				INFOPLIST_FILE = WhalerTests/Info.plist;
				IPHONEOS_DEPLOYMENT_TARGET = 13.5;
				LD_RUNPATH_SEARCH_PATHS = (
					"$(inherited)",
					"@executable_path/Frameworks",
					"@loader_path/Frameworks",
				);
				PRODUCT_BUNDLE_IDENTIFIER = Whaler.WhalerTests;
				PRODUCT_NAME = "$(TARGET_NAME)";
				SWIFT_VERSION = 5.0;
				TARGETED_DEVICE_FAMILY = "1,2";
				TEST_HOST = "$(BUILT_PRODUCTS_DIR)/Whaler.app/Whaler";
			};
			name = Release;
		};
/* End XCBuildConfiguration section */

/* Begin XCConfigurationList section */
		14861ECC249F3DE100D2FA92 /* Build configuration list for PBXProject "Whaler" */ = {
			isa = XCConfigurationList;
			buildConfigurations = (
				14861EEE249F3DE400D2FA92 /* Debug */,
				14861EEF249F3DE400D2FA92 /* Release */,
			);
			defaultConfigurationIsVisible = 0;
			defaultConfigurationName = Release;
		};
		14861EF0249F3DE400D2FA92 /* Build configuration list for PBXNativeTarget "Whaler" */ = {
			isa = XCConfigurationList;
			buildConfigurations = (
				14861EF1249F3DE400D2FA92 /* Debug */,
				14861EF2249F3DE400D2FA92 /* Release */,
			);
			defaultConfigurationIsVisible = 0;
			defaultConfigurationName = Release;
		};
		14861EF3249F3DE400D2FA92 /* Build configuration list for PBXNativeTarget "WhalerTests" */ = {
			isa = XCConfigurationList;
			buildConfigurations = (
				14861EF4249F3DE400D2FA92 /* Debug */,
				14861EF5249F3DE400D2FA92 /* Release */,
			);
			defaultConfigurationIsVisible = 0;
			defaultConfigurationName = Release;
		};
/* End XCConfigurationList section */

/* Begin XCVersionGroup section */
		14E63ECF24B9109C003EAF22 /* Whaler.xcdatamodeld */ = {
			isa = XCVersionGroup;
			children = (
				14E63ED024B9109C003EAF22 /* Whaler.xcdatamodel */,
			);
			currentVersion = 14E63ED024B9109C003EAF22 /* Whaler.xcdatamodel */;
			path = Whaler.xcdatamodeld;
			sourceTree = "<group>";
			versionGroupType = wrapper.xcdatamodel;
		};
/* End XCVersionGroup section */
	};
	rootObject = 14861EC9249F3DE100D2FA92 /* Project object */;
}
